{
  "lockfileVersion": 1,
  "configVersion": 0,
  "workspaces": {
    "": {
      "name": "@nijor/nijor",
      "dependencies": {
        "@rollup/plugin-image": "^3.0.3",
        "acorn-walk": "^8.3.5",
        "acron": "^1.0.5",
        "autoprefixer": "^10.4.27",
        "cssnano": "^7.1.3",
        "jsdom": "^25.0.1",
        "magic-string": "^0.30.21",
        "picomatch": "^4.0.3",
        "postcss": "^8.5.8",
        "postcss-combine-duplicated-selectors": "^10.0.3",
        "postcss-nested": "^7.0.2",
        "postcss-selector-parser": "^7.1.1",
        "rolldown": "^1.0.0-rc.9",
        "ws": "^8.19.0",
      },
    },
  },
  "packages": {
    "@asamuzakjp/css-color": ["@asamuzakjp/css-color@3.2.0", "", { "dependencies": { "@csstools/css-calc": "^2.1.3", "@csstools/css-color-parser": "^3.0.9", "@csstools/css-parser-algorithms": "^3.0.4", "@csstools/css-tokenizer": "^3.0.3", "lru-cache": "^10.4.3" } }, "sha512-K1A6z8tS3XsmCMM86xoWdn7Fkdn9m6RSVtocUrJYIwZnFVkng/PvkEoWtOWmP+Scc6saYWHWZYbndEEXxl24jw=="],

    "@csstools/color-helpers": ["@csstools/color-helpers@5.0.2", "", {}, "sha512-JqWH1vsgdGcw2RR6VliXXdA0/59LttzlU8UlRT/iUUsEeWfYq8I+K0yhihEUTTHLRm1EXvpsCx3083EU15ecsA=="],

    "@csstools/css-calc": ["@csstools/css-calc@2.1.4", "", { "peerDependencies": { "@csstools/css-parser-algorithms": "^3.0.5", "@csstools/css-tokenizer": "^3.0.4" } }, "sha512-3N8oaj+0juUw/1H3YwmDDJXCgTB1gKU6Hc/bB502u9zR0q2vd786XJH9QfrKIEgFlZmhZiq6epXl4rHqhzsIgQ=="],

    "@csstools/css-color-parser": ["@csstools/css-color-parser@3.0.10", "", { "dependencies": { "@csstools/color-helpers": "^5.0.2", "@csstools/css-calc": "^2.1.4" }, "peerDependencies": { "@csstools/css-parser-algorithms": "^3.0.5", "@csstools/css-tokenizer": "^3.0.4" } }, "sha512-TiJ5Ajr6WRd1r8HSiwJvZBiJOqtH86aHpUjq5aEKWHiII2Qfjqd/HCWKPOW8EP4vcspXbHnXrwIDlu5savQipg=="],

    "@csstools/css-parser-algorithms": ["@csstools/css-parser-algorithms@3.0.5", "", { "peerDependencies": { "@csstools/css-tokenizer": "^3.0.4" } }, "sha512-DaDeUkXZKjdGhgYaHNJTV9pV7Y9B3b644jCLs9Upc3VeNGg6LWARAT6O+Q+/COo+2gg/bM5rhpMAtf70WqfBdQ=="],

    "@csstools/css-tokenizer": ["@csstools/css-tokenizer@3.0.4", "", {}, "sha512-Vd/9EVDiu6PPJt9yAh6roZP6El1xHrdvIVGjyBsHR0RYwNHgL7FJPyIIW4fANJNG6FtyZfvlRPpFI4ZM/lubvw=="],

    "@emnapi/core": ["@emnapi/core@1.8.1", "", { "dependencies": { "@emnapi/wasi-threads": "1.1.0", "tslib": "^2.4.0" } }, "sha512-AvT9QFpxK0Zd8J0jopedNm+w/2fIzvtPKPjqyw9jwvBaReTTqPBk9Hixaz7KbjimP+QNz605/XnjFcDAL2pqBg=="],

    "@emnapi/runtime": ["@emnapi/runtime@1.8.1", "", { "dependencies": { "tslib": "^2.4.0" } }, "sha512-mehfKSMWjjNol8659Z8KxEMrdSJDDot5SXMq00dM8BN4o+CLNXQ0xH2V7EchNHV4RmbZLmmPdEaXZc5H2FXmDg=="],

    "@emnapi/wasi-threads": ["@emnapi/wasi-threads@1.1.0", "", { "dependencies": { "tslib": "^2.4.0" } }, "sha512-WI0DdZ8xFSbgMjR1sFsKABJ/C5OnRrjT06JXbZKexJGrDuPTzZdDYfFlsgcCXCyf+suG5QU2e/y1Wo2V/OapLQ=="],

    "@jridgewell/sourcemap-codec": ["@jridgewell/sourcemap-codec@1.5.5", "", {}, "sha512-cYQ9310grqxueWbl+WuIUIaiUaDcj7WOq5fVhEljNVgRfOUhY9fy2zTvfoqWsnebh8Sl70VScFbICvJnLKB0Og=="],

    "@napi-rs/wasm-runtime": ["@napi-rs/wasm-runtime@1.1.1", "", { "dependencies": { "@emnapi/core": "^1.7.1", "@emnapi/runtime": "^1.7.1", "@tybys/wasm-util": "^0.10.1" } }, "sha512-p64ah1M1ld8xjWv3qbvFwHiFVWrq1yFvV4f7w+mzaqiR4IlSgkqhcRdHwsGgomwzBH51sRY4NEowLxnaBjcW/A=="],

    "@oxc-project/types": ["@oxc-project/types@0.115.0", "", {}, "sha512-4n91DKnebUS4yjUHl2g3/b2T+IUdCfmoZGhmwsovZCDaJSs+QkVAM+0AqqTxHSsHfeiMuueT75cZaZcT/m0pSw=="],

    "@rolldown/binding-android-arm64": ["@rolldown/binding-android-arm64@1.0.0-rc.9", "", { "os": "android", "cpu": "arm64" }, "sha512-lcJL0bN5hpgJfSIz/8PIf02irmyL43P+j1pTCfbD1DbLkmGRuFIA4DD3B3ZOvGqG0XiVvRznbKtN0COQVaKUTg=="],

    "@rolldown/binding-darwin-arm64": ["@rolldown/binding-darwin-arm64@1.0.0-rc.9", "", { "os": "darwin", "cpu": "arm64" }, "sha512-J7Zk3kLYFsLtuH6U+F4pS2sYVzac0qkjcO5QxHS7OS7yZu2LRs+IXo+uvJ/mvpyUljDJ3LROZPoQfgBIpCMhdQ=="],

    "@rolldown/binding-darwin-x64": ["@rolldown/binding-darwin-x64@1.0.0-rc.9", "", { "os": "darwin", "cpu": "x64" }, "sha512-iwtmmghy8nhfRGeNAIltcNXzD0QMNaaA5U/NyZc1Ia4bxrzFByNMDoppoC+hl7cDiUq5/1CnFthpT9n+UtfFyg=="],

    "@rolldown/binding-freebsd-x64": ["@rolldown/binding-freebsd-x64@1.0.0-rc.9", "", { "os": "freebsd", "cpu": "x64" }, "sha512-DLFYI78SCiZr5VvdEplsVC2Vx53lnA4/Ga5C65iyldMVaErr86aiqCoNBLl92PXPfDtUYjUh+xFFor40ueNs4Q=="],

    "@rolldown/binding-linux-arm-gnueabihf": ["@rolldown/binding-linux-arm-gnueabihf@1.0.0-rc.9", "", { "os": "linux", "cpu": "arm" }, "sha512-CsjTmTwd0Hri6iTw/DRMK7kOZ7FwAkrO4h8YWKoX/kcj833e4coqo2wzIFywtch/8Eb5enQ/lwLM7w6JX1W5RQ=="],

    "@rolldown/binding-linux-arm64-gnu": ["@rolldown/binding-linux-arm64-gnu@1.0.0-rc.9", "", { "os": "linux", "cpu": "arm64" }, "sha512-2x9O2JbSPxpxMDhP9Z74mahAStibTlrBMW0520+epJH5sac7/LwZW5Bmg/E6CXuEF53JJFW509uP+lSedaUNxg=="],

    "@rolldown/binding-linux-arm64-musl": ["@rolldown/binding-linux-arm64-musl@1.0.0-rc.9", "", { "os": "linux", "cpu": "arm64" }, "sha512-JA1QRW31ogheAIRhIg9tjMfsYbglXXYGNPLdPEYrwFxdbkQCAzvpSCSHCDWNl4hTtrol8WeboCSEpjdZK8qrCg=="],

    "@rolldown/binding-linux-ppc64-gnu": ["@rolldown/binding-linux-ppc64-gnu@1.0.0-rc.9", "", { "os": "linux", "cpu": "ppc64" }, "sha512-aOKU9dJheda8Kj8Y3w9gnt9QFOO+qKPAl8SWd7JPHP+Cu0EuDAE5wokQubLzIDQWg2myXq2XhTpOVS07qqvT+w=="],

    "@rolldown/binding-linux-s390x-gnu": ["@rolldown/binding-linux-s390x-gnu@1.0.0-rc.9", "", { "os": "linux", "cpu": "s390x" }, "sha512-OalO94fqj7IWRn3VdXWty75jC5dk4C197AWEuMhIpvVv2lw9fiPhud0+bW2ctCxb3YoBZor71QHbY+9/WToadA=="],

    "@rolldown/binding-linux-x64-gnu": ["@rolldown/binding-linux-x64-gnu@1.0.0-rc.9", "", { "os": "linux", "cpu": "x64" }, "sha512-cVEl1vZtBsBZna3YMjGXNvnYYrOJ7RzuWvZU0ffvJUexWkukMaDuGhUXn0rjnV0ptzGVkvc+vW9Yqy6h8YX4pg=="],

    "@rolldown/binding-linux-x64-musl": ["@rolldown/binding-linux-x64-musl@1.0.0-rc.9", "", { "os": "linux", "cpu": "x64" }, "sha512-UzYnKCIIc4heAKgI4PZ3dfBGUZefGCJ1TPDuLHoCzgrMYPb5Rv6TLFuYtyM4rWyHM7hymNdsg5ik2C+UD9VDbA=="],

    "@rolldown/binding-openharmony-arm64": ["@rolldown/binding-openharmony-arm64@1.0.0-rc.9", "", { "os": "none", "cpu": "arm64" }, "sha512-+6zoiF+RRyf5cdlFQP7nm58mq7+/2PFaY2DNQeD4B87N36JzfF/l9mdBkkmTvSYcYPE8tMh/o3cRlsx1ldLfog=="],

    "@rolldown/binding-wasm32-wasi": ["@rolldown/binding-wasm32-wasi@1.0.0-rc.9", "", { "dependencies": { "@napi-rs/wasm-runtime": "^1.1.1" }, "cpu": "none" }, "sha512-rgFN6sA/dyebil3YTlL2evvi/M+ivhfnyxec7AccTpRPccno/rPoNlqybEZQBkcbZu8Hy+eqNJCqfBR8P7Pg8g=="],

    "@rolldown/binding-win32-arm64-msvc": ["@rolldown/binding-win32-arm64-msvc@1.0.0-rc.9", "", { "os": "win32", "cpu": "arm64" }, "sha512-lHVNUG/8nlF1IQk1C0Ci574qKYyty2goMiPlRqkC5R+3LkXDkL5Dhx8ytbxq35m+pkHVIvIxviD+TWLdfeuadA=="],

    "@rolldown/binding-win32-x64-msvc": ["@rolldown/binding-win32-x64-msvc@1.0.0-rc.9", "", { "os": "win32", "cpu": "x64" }, "sha512-G0oA4+w1iY5AGi5HcDTxWsoxF509hrFIPB2rduV5aDqS9FtDg1CAfa7V34qImbjfhIcA8C+RekocJZA96EarwQ=="],

    "@rolldown/pluginutils": ["@rolldown/pluginutils@1.0.0-rc.9", "", {}, "sha512-w6oiRWgEBl04QkFZgmW+jnU1EC9b57Oihi2ot3HNWIQRqgHp5PnYDia5iZ5FF7rpa4EQdiqMDXjlqKGXBhsoXw=="],

    "@rollup/plugin-image": ["@rollup/plugin-image@3.0.3", "", { "dependencies": { "@rollup/pluginutils": "^5.0.1", "mini-svg-data-uri": "^1.4.4" }, "peerDependencies": { "rollup": "^1.20.0||^2.0.0||^3.0.0||^4.0.0" }, "optionalPeers": ["rollup"] }, "sha512-qXWQwsXpvD4trSb8PeFPFajp8JLpRtqqOeNYRUKnEQNHm7e5UP7fuSRcbjQAJ7wDZBbnJvSdY5ujNBQd9B1iFg=="],

    "@rollup/pluginutils": ["@rollup/pluginutils@5.2.0", "", { "dependencies": { "@types/estree": "^1.0.0", "estree-walker": "^2.0.2", "picomatch": "^4.0.2" }, "peerDependencies": { "rollup": "^1.20.0||^2.0.0||^3.0.0||^4.0.0" }, "optionalPeers": ["rollup"] }, "sha512-qWJ2ZTbmumwiLFomfzTyt5Kng4hwPi9rwCYN4SHb6eaRU1KNO4ccxINHr/VhH4GgPlt1XfSTLX2LBTme8ne4Zw=="],

    "@rollup/rollup-android-arm-eabi": ["@rollup/rollup-android-arm-eabi@4.45.1", "", { "os": "android", "cpu": "arm" }, "sha512-NEySIFvMY0ZQO+utJkgoMiCAjMrGvnbDLHvcmlA33UXJpYBCvlBEbMMtV837uCkS+plG2umfhn0T5mMAxGrlRA=="],

    "@rollup/rollup-android-arm64": ["@rollup/rollup-android-arm64@4.45.1", "", { "os": "android", "cpu": "arm64" }, "sha512-ujQ+sMXJkg4LRJaYreaVx7Z/VMgBBd89wGS4qMrdtfUFZ+TSY5Rs9asgjitLwzeIbhwdEhyj29zhst3L1lKsRQ=="],

    "@rollup/rollup-darwin-arm64": ["@rollup/rollup-darwin-arm64@4.45.1", "", { "os": "darwin", "cpu": "arm64" }, "sha512-FSncqHvqTm3lC6Y13xncsdOYfxGSLnP+73k815EfNmpewPs+EyM49haPS105Rh4aF5mJKywk9X0ogzLXZzN9lA=="],

    "@rollup/rollup-darwin-x64": ["@rollup/rollup-darwin-x64@4.45.1", "", { "os": "darwin", "cpu": "x64" }, "sha512-2/vVn/husP5XI7Fsf/RlhDaQJ7x9zjvC81anIVbr4b/f0xtSmXQTFcGIQ/B1cXIYM6h2nAhJkdMHTnD7OtQ9Og=="],

    "@rollup/rollup-freebsd-arm64": ["@rollup/rollup-freebsd-arm64@4.45.1", "", { "os": "freebsd", "cpu": "arm64" }, "sha512-4g1kaDxQItZsrkVTdYQ0bxu4ZIQ32cotoQbmsAnW1jAE4XCMbcBPDirX5fyUzdhVCKgPcrwWuucI8yrVRBw2+g=="],

    "@rollup/rollup-freebsd-x64": ["@rollup/rollup-freebsd-x64@4.45.1", "", { "os": "freebsd", "cpu": "x64" }, "sha512-L/6JsfiL74i3uK1Ti2ZFSNsp5NMiM4/kbbGEcOCps99aZx3g8SJMO1/9Y0n/qKlWZfn6sScf98lEOUe2mBvW9A=="],

    "@rollup/rollup-linux-arm-gnueabihf": ["@rollup/rollup-linux-arm-gnueabihf@4.45.1", "", { "os": "linux", "cpu": "arm" }, "sha512-RkdOTu2jK7brlu+ZwjMIZfdV2sSYHK2qR08FUWcIoqJC2eywHbXr0L8T/pONFwkGukQqERDheaGTeedG+rra6Q=="],

    "@rollup/rollup-linux-arm-musleabihf": ["@rollup/rollup-linux-arm-musleabihf@4.45.1", "", { "os": "linux", "cpu": "arm" }, "sha512-3kJ8pgfBt6CIIr1o+HQA7OZ9mp/zDk3ctekGl9qn/pRBgrRgfwiffaUmqioUGN9hv0OHv2gxmvdKOkARCtRb8Q=="],

    "@rollup/rollup-linux-arm64-gnu": ["@rollup/rollup-linux-arm64-gnu@4.45.1", "", { "os": "linux", "cpu": "arm64" }, "sha512-k3dOKCfIVixWjG7OXTCOmDfJj3vbdhN0QYEqB+OuGArOChek22hn7Uy5A/gTDNAcCy5v2YcXRJ/Qcnm4/ma1xw=="],

    "@rollup/rollup-linux-arm64-musl": ["@rollup/rollup-linux-arm64-musl@4.45.1", "", { "os": "linux", "cpu": "arm64" }, "sha512-PmI1vxQetnM58ZmDFl9/Uk2lpBBby6B6rF4muJc65uZbxCs0EA7hhKCk2PKlmZKuyVSHAyIw3+/SiuMLxKxWog=="],

    "@rollup/rollup-linux-loongarch64-gnu": ["@rollup/rollup-linux-loongarch64-gnu@4.45.1", "", { "os": "linux", "cpu": "none" }, "sha512-9UmI0VzGmNJ28ibHW2GpE2nF0PBQqsyiS4kcJ5vK+wuwGnV5RlqdczVocDSUfGX/Na7/XINRVoUgJyFIgipoRg=="],

    "@rollup/rollup-linux-powerpc64le-gnu": ["@rollup/rollup-linux-powerpc64le-gnu@4.45.1", "", { "os": "linux", "cpu": "ppc64" }, "sha512-7nR2KY8oEOUTD3pBAxIBBbZr0U7U+R9HDTPNy+5nVVHDXI4ikYniH1oxQz9VoB5PbBU1CZuDGHkLJkd3zLMWsg=="],

    "@rollup/rollup-linux-riscv64-gnu": ["@rollup/rollup-linux-riscv64-gnu@4.45.1", "", { "os": "linux", "cpu": "none" }, "sha512-nlcl3jgUultKROfZijKjRQLUu9Ma0PeNv/VFHkZiKbXTBQXhpytS8CIj5/NfBeECZtY2FJQubm6ltIxm/ftxpw=="],

    "@rollup/rollup-linux-riscv64-musl": ["@rollup/rollup-linux-riscv64-musl@4.45.1", "", { "os": "linux", "cpu": "none" }, "sha512-HJV65KLS51rW0VY6rvZkiieiBnurSzpzore1bMKAhunQiECPuxsROvyeaot/tcK3A3aGnI+qTHqisrpSgQrpgA=="],

    "@rollup/rollup-linux-s390x-gnu": ["@rollup/rollup-linux-s390x-gnu@4.45.1", "", { "os": "linux", "cpu": "s390x" }, "sha512-NITBOCv3Qqc6hhwFt7jLV78VEO/il4YcBzoMGGNxznLgRQf43VQDae0aAzKiBeEPIxnDrACiMgbqjuihx08OOw=="],

    "@rollup/rollup-linux-x64-gnu": ["@rollup/rollup-linux-x64-gnu@4.45.1", "", { "os": "linux", "cpu": "x64" }, "sha512-+E/lYl6qu1zqgPEnTrs4WysQtvc/Sh4fC2nByfFExqgYrqkKWp1tWIbe+ELhixnenSpBbLXNi6vbEEJ8M7fiHw=="],

    "@rollup/rollup-linux-x64-musl": ["@rollup/rollup-linux-x64-musl@4.45.1", "", { "os": "linux", "cpu": "x64" }, "sha512-a6WIAp89p3kpNoYStITT9RbTbTnqarU7D8N8F2CV+4Cl9fwCOZraLVuVFvlpsW0SbIiYtEnhCZBPLoNdRkjQFw=="],

    "@rollup/rollup-win32-arm64-msvc": ["@rollup/rollup-win32-arm64-msvc@4.45.1", "", { "os": "win32", "cpu": "arm64" }, "sha512-T5Bi/NS3fQiJeYdGvRpTAP5P02kqSOpqiopwhj0uaXB6nzs5JVi2XMJb18JUSKhCOX8+UE1UKQufyD6Or48dJg=="],

    "@rollup/rollup-win32-ia32-msvc": ["@rollup/rollup-win32-ia32-msvc@4.45.1", "", { "os": "win32", "cpu": "ia32" }, "sha512-lxV2Pako3ujjuUe9jiU3/s7KSrDfH6IgTSQOnDWr9aJ92YsFd7EurmClK0ly/t8dzMkDtd04g60WX6yl0sGfdw=="],

    "@rollup/rollup-win32-x64-msvc": ["@rollup/rollup-win32-x64-msvc@4.45.1", "", { "os": "win32", "cpu": "x64" }, "sha512-M/fKi4sasCdM8i0aWJjCSFm2qEnYRR8AMLG2kxp6wD13+tMGA4Z1tVAuHkNRjud5SW2EM3naLuK35w9twvf6aA=="],

    "@tybys/wasm-util": ["@tybys/wasm-util@0.10.1", "", { "dependencies": { "tslib": "^2.4.0" } }, "sha512-9tTaPJLSiejZKx+Bmog4uSubteqTvFrVrURwkmHixBo0G4seD0zUxp98E1DzUBJxLQ3NPwXrGKDiVjwx/DpPsg=="],

    "@types/estree": ["@types/estree@1.0.8", "", {}, "sha512-dWHzHa2WqEXI/O1E9OjrocMTKJl2mSrEolh1Iomrv6U+JuNwaHXsXx9bLu5gG7BUWFIN0skIQJQ/L1rIex4X6w=="],

    "acorn": ["acorn@8.15.0", "", { "bin": { "acorn": "bin/acorn" } }, "sha512-NZyJarBfL7nWwIq+FDL6Zp/yHEhePMNnnJ0y3qfieCrmNvYct8uvtiV41UvlSe6apAfk0fY1FbWx+NwfmpvtTg=="],

    "acorn-walk": ["acorn-walk@8.3.5", "", { "dependencies": { "acorn": "^8.11.0" } }, "sha512-HEHNfbars9v4pgpW6SO1KSPkfoS0xVOM/9UzkJltjlsHZmJasxg8aXkuZa7SMf8vKGIBhpUsPluQSqhJFCqebw=="],

    "acron": ["acron@1.0.5", "", { "dependencies": { "lodash": "^4.17.11" }, "bin": { "acron": "cli.js" } }, "sha512-Jm3uey9PSUl5k9RsjBSfDJG35nG0vd9B4FUCV1J/NeVHDQ5HJPVpAhmGrPYtPKh0gLhEUIEy4DKqBy/p60B+4Q=="],

    "agent-base": ["agent-base@7.1.3", "", {}, "sha512-jRR5wdylq8CkOe6hei19GGZnxM6rBGwFl3Bg0YItGDimvjGtAvdZk4Pu6Cl4u4Igsws4a1fd1Vq3ezrhn4KmFw=="],

    "asynckit": ["asynckit@0.4.0", "", {}, "sha512-Oei9OH4tRh0YqU3GxhX79dM/mwVgvbZJaSNaRk+bshkj0S5cfHcgYakreBjrHwatXKbz+IoIdYLxrKim2MjW0Q=="],

    "autoprefixer": ["autoprefixer@10.4.27", "", { "dependencies": { "browserslist": "^4.28.1", "caniuse-lite": "^1.0.30001774", "fraction.js": "^5.3.4", "picocolors": "^1.1.1", "postcss-value-parser": "^4.2.0" }, "peerDependencies": { "postcss": "^8.1.0" }, "bin": { "autoprefixer": "bin/autoprefixer" } }, "sha512-NP9APE+tO+LuJGn7/9+cohklunJsXWiaWEfV3si4Gi/XHDwVNgkwr1J3RQYFIvPy76GmJ9/bW8vyoU1LcxwKHA=="],

    "baseline-browser-mapping": ["baseline-browser-mapping@2.9.5", "", { "bin": { "baseline-browser-mapping": "dist/cli.js" } }, "sha512-D5vIoztZOq1XM54LUdttJVc96ggEsIfju2JBvht06pSzpckp3C7HReun67Bghzrtdsq9XdMGbSSB3v3GhMNmAA=="],

    "boolbase": ["boolbase@1.0.0", "", {}, "sha512-JZOSA7Mo9sNGB8+UjSgzdLtokWAky1zbztM3WRLCbZ70/3cTANmQmOdR7y2g+J0e2WXywy1yS468tY+IruqEww=="],

    "browserslist": ["browserslist@4.28.1", "", { "dependencies": { "baseline-browser-mapping": "^2.9.0", "caniuse-lite": "^1.0.30001759", "electron-to-chromium": "^1.5.263", "node-releases": "^2.0.27", "update-browserslist-db": "^1.2.0" }, "bin": { "browserslist": "cli.js" } }, "sha512-ZC5Bd0LgJXgwGqUknZY/vkUQ04r8NXnJZ3yYi4vDmSiZmC/pdSN0NbNRPxZpbtO4uAfDUAFffO8IZoM3Gj8IkA=="],

    "call-bind-apply-helpers": ["call-bind-apply-helpers@1.0.2", "", { "dependencies": { "es-errors": "^1.3.0", "function-bind": "^1.1.2" } }, "sha512-Sp1ablJ0ivDkSzjcaJdxEunN5/XvksFJ2sMBFfq6x0ryhQV/2b/KwFe21cMpmHtPOSij8K99/wSfoEuTObmuMQ=="],

    "caniuse-api": ["caniuse-api@3.0.0", "", { "dependencies": { "browserslist": "^4.0.0", "caniuse-lite": "^1.0.0", "lodash.memoize": "^4.1.2", "lodash.uniq": "^4.5.0" } }, "sha512-bsTwuIg/BZZK/vreVTYYbSWoe2F+71P7K5QGEX+pT250DZbfU1MQ5prOKpPR+LL6uWKK3KMwMCAS74QB3Um1uw=="],

    "caniuse-lite": ["caniuse-lite@1.0.30001774", "", {}, "sha512-DDdwPGz99nmIEv216hKSgLD+D4ikHQHjBC/seF98N9CPqRX4M5mSxT9eTV6oyisnJcuzxtZy4n17yKKQYmYQOA=="],

    "colord": ["colord@2.9.3", "", {}, "sha512-jeC1axXpnb0/2nn/Y1LPuLdgXBLH7aDcHu4KEKfqw3CUhX7ZpfBSlPKyqXE6btIgEzfWtrX3/tyBCaCvXvMkOw=="],

    "combined-stream": ["combined-stream@1.0.8", "", { "dependencies": { "delayed-stream": "~1.0.0" } }, "sha512-FQN4MRfuJeHf7cBbBMJFXhKSDq+2kAArBlmRBvcvFE5BB1HZKXtSFASDhdlz9zOYwxh8lDdnvmMOe/+5cdoEdg=="],

    "commander": ["commander@11.1.0", "", {}, "sha512-yPVavfyCcRhmorC7rWlkHn15b4wDVgVmBA7kV4QVBsF7kv/9TKJAbAXVTxvTnwP8HHKjRCJDClKbciiYS7p0DQ=="],

    "css-declaration-sorter": ["css-declaration-sorter@7.3.1", "", { "peerDependencies": { "postcss": "^8.0.9" } }, "sha512-gz6x+KkgNCjxq3Var03pRYLhyNfwhkKF1g/yoLgDNtFvVu0/fOLV9C8fFEZRjACp/XQLumjAYo7JVjzH3wLbxA=="],

    "css-select": ["css-select@5.2.2", "", { "dependencies": { "boolbase": "^1.0.0", "css-what": "^6.1.0", "domhandler": "^5.0.2", "domutils": "^3.0.1", "nth-check": "^2.0.1" } }, "sha512-TizTzUddG/xYLA3NXodFM0fSbNizXjOKhqiQQwvhlspadZokn1KDy0NZFS0wuEubIYAV5/c1/lAr0TaaFXEXzw=="],

    "css-tree": ["css-tree@3.2.1", "", { "dependencies": { "mdn-data": "2.27.1", "source-map-js": "^1.2.1" } }, "sha512-X7sjQzceUhu1u7Y/ylrRZFU2FS6LRiFVp6rKLPg23y3x3c3DOKAwuXGDp+PAGjh6CSnCjYeAul8pcT8bAl+lSA=="],

    "css-what": ["css-what@6.2.2", "", {}, "sha512-u/O3vwbptzhMs3L1fQE82ZSLHQQfto5gyZzwteVIEyeaY5Fc7R4dapF/BvRoSYFeqfBk4m0V1Vafq5Pjv25wvA=="],

    "cssesc": ["cssesc@3.0.0", "", { "bin": { "cssesc": "bin/cssesc" } }, "sha512-/Tb/JcjK111nNScGob5MNtsntNM1aCNUDipB/TkwZFhyDrrE47SOx/18wF2bbjgc3ZzCSKW1T5nt5EbFoAz/Vg=="],

    "cssnano": ["cssnano@7.1.3", "", { "dependencies": { "cssnano-preset-default": "^7.0.11", "lilconfig": "^3.1.3" }, "peerDependencies": { "postcss": "^8.4.32" } }, "sha512-mLFHQAzyapMVFLiJIn7Ef4C2UCEvtlTlbyILR6B5ZsUAV3D/Pa761R5uC1YPhyBkRd3eqaDm2ncaNrD7R4mTRg=="],

    "cssnano-preset-default": ["cssnano-preset-default@7.0.11", "", { "dependencies": { "browserslist": "^4.28.1", "css-declaration-sorter": "^7.2.0", "cssnano-utils": "^5.0.1", "postcss-calc": "^10.1.1", "postcss-colormin": "^7.0.6", "postcss-convert-values": "^7.0.9", "postcss-discard-comments": "^7.0.6", "postcss-discard-duplicates": "^7.0.2", "postcss-discard-empty": "^7.0.1", "postcss-discard-overridden": "^7.0.1", "postcss-merge-longhand": "^7.0.5", "postcss-merge-rules": "^7.0.8", "postcss-minify-font-values": "^7.0.1", "postcss-minify-gradients": "^7.0.1", "postcss-minify-params": "^7.0.6", "postcss-minify-selectors": "^7.0.6", "postcss-normalize-charset": "^7.0.1", "postcss-normalize-display-values": "^7.0.1", "postcss-normalize-positions": "^7.0.1", "postcss-normalize-repeat-style": "^7.0.1", "postcss-normalize-string": "^7.0.1", "postcss-normalize-timing-functions": "^7.0.1", "postcss-normalize-unicode": "^7.0.6", "postcss-normalize-url": "^7.0.1", "postcss-normalize-whitespace": "^7.0.1", "postcss-ordered-values": "^7.0.2", "postcss-reduce-initial": "^7.0.6", "postcss-reduce-transforms": "^7.0.1", "postcss-svgo": "^7.1.1", "postcss-unique-selectors": "^7.0.5" }, "peerDependencies": { "postcss": "^8.4.32" } }, "sha512-waWlAMuCakP7//UCY+JPrQS1z0OSLeOXk2sKWJximKWGupVxre50bzPlvpbUwZIDylhf/ptf0Pk+Yf7C+hoa3g=="],

    "cssnano-utils": ["cssnano-utils@5.0.1", "", { "peerDependencies": { "postcss": "^8.4.32" } }, "sha512-ZIP71eQgG9JwjVZsTPSqhc6GHgEr53uJ7tK5///VfyWj6Xp2DBmixWHqJgPno+PqATzn48pL42ww9x5SSGmhZg=="],

    "csso": ["csso@5.0.5", "", { "dependencies": { "css-tree": "~2.2.0" } }, "sha512-0LrrStPOdJj+SPCCrGhzryycLjwcgUSHBtxNA8aIDxf0GLsRh1cKYhB00Gd1lDOS4yGH69+SNn13+TWbVHETFQ=="],

    "cssstyle": ["cssstyle@4.6.0", "", { "dependencies": { "@asamuzakjp/css-color": "^3.2.0", "rrweb-cssom": "^0.8.0" } }, "sha512-2z+rWdzbbSZv6/rhtvzvqeZQHrBaqgogqt85sqFNbabZOuFbCVFb8kPeEtZjiKkbrm395irpNKiYeFeLiQnFPg=="],

    "data-urls": ["data-urls@5.0.0", "", { "dependencies": { "whatwg-mimetype": "^4.0.0", "whatwg-url": "^14.0.0" } }, "sha512-ZYP5VBHshaDAiVZxjbRVcFJpc+4xGgT0bK3vzy1HLN8jTO975HEbuYzZJcHoQEY5K1a0z8YayJkyVETa08eNTg=="],

    "debug": ["debug@4.4.1", "", { "dependencies": { "ms": "^2.1.3" } }, "sha512-KcKCqiftBJcZr++7ykoDIEwSa3XWowTfNPo92BYxjXiyYEVrUQh2aLyhxBCwww+heortUFxEJYcRzosstTEBYQ=="],

    "decimal.js": ["decimal.js@10.5.0", "", {}, "sha512-8vDa8Qxvr/+d94hSh5P3IJwI5t8/c0KsMp+g8bNw9cY2icONa5aPfvKeieW1WlG0WQYwwhJ7mjui2xtiePQSXw=="],

    "delayed-stream": ["delayed-stream@1.0.0", "", {}, "sha512-ZySD7Nf91aLB0RxL4KGrKHBXl7Eds1DAmEdcoVawXnLD7SDhpNgtuII2aAkg7a7QS41jxPSZ17p4VdGnMHk3MQ=="],

    "dom-serializer": ["dom-serializer@2.0.0", "", { "dependencies": { "domelementtype": "^2.3.0", "domhandler": "^5.0.2", "entities": "^4.2.0" } }, "sha512-wIkAryiqt/nV5EQKqQpo3SToSOV9J0DnbJqwK7Wv/Trc92zIAYZ4FlMu+JPFW1DfGFt81ZTCGgDEabffXeLyJg=="],

    "domelementtype": ["domelementtype@2.3.0", "", {}, "sha512-OLETBj6w0OsagBwdXnPdN0cnMfF9opN69co+7ZrbfPGrdpPVNBUj02spi6B1N7wChLQiPn4CSH/zJvXw56gmHw=="],

    "domhandler": ["domhandler@5.0.3", "", { "dependencies": { "domelementtype": "^2.3.0" } }, "sha512-cgwlv/1iFQiFnU96XXgROh8xTeetsnJiDsTc7TYCLFd9+/WNkIqPTxiM/8pSd8VIrhXGTf1Ny1q1hquVqDJB5w=="],

    "domutils": ["domutils@3.2.2", "", { "dependencies": { "dom-serializer": "^2.0.0", "domelementtype": "^2.3.0", "domhandler": "^5.0.3" } }, "sha512-6kZKyUajlDuqlHKVX1w7gyslj9MPIXzIFiz/rGu35uC1wMi+kMhQwGhl4lt9unC9Vb9INnY9Z3/ZA3+FhASLaw=="],

    "dunder-proto": ["dunder-proto@1.0.1", "", { "dependencies": { "call-bind-apply-helpers": "^1.0.1", "es-errors": "^1.3.0", "gopd": "^1.2.0" } }, "sha512-KIN/nDJBQRcXw0MLVhZE9iQHmG68qAVIBg9CqmUYjmQIhgij9U5MFvrqkUL5FbtyyzZuOeOt0zdeRe4UY7ct+A=="],

    "electron-to-chromium": ["electron-to-chromium@1.5.267", "", {}, "sha512-0Drusm6MVRXSOJpGbaSVgcQsuB4hEkMpHXaVstcPmhu5LIedxs1xNK/nIxmQIU/RPC0+1/o0AVZfBTkTNJOdUw=="],

    "entities": ["entities@6.0.1", "", {}, "sha512-aN97NXWF6AWBTahfVOIrB/NShkzi5H7F9r1s9mD3cDj4Ko5f2qhhVoYMibXF7GlLveb/D2ioWay8lxI97Ven3g=="],

    "es-define-property": ["es-define-property@1.0.1", "", {}, "sha512-e3nRfgfUZ4rNGL232gUgX06QNyyez04KdjFrF+LTRoOXmrOgFKDg4BCdsjW8EnT69eqdYGmRpJwiPVYNrCaW3g=="],

    "es-errors": ["es-errors@1.3.0", "", {}, "sha512-Zf5H2Kxt2xjTvbJvP2ZWLEICxA6j+hAmMzIlypy4xcBg1vKVnx89Wy0GbS+kf5cwCVFFzdCFh2XSCFNULS6csw=="],

    "es-object-atoms": ["es-object-atoms@1.1.1", "", { "dependencies": { "es-errors": "^1.3.0" } }, "sha512-FGgH2h8zKNim9ljj7dankFPcICIK9Cp5bm+c2gQSYePhpaG5+esrLODihIorn+Pe6FGJzWhXQotPv73jTaldXA=="],

    "es-set-tostringtag": ["es-set-tostringtag@2.1.0", "", { "dependencies": { "es-errors": "^1.3.0", "get-intrinsic": "^1.2.6", "has-tostringtag": "^1.0.2", "hasown": "^2.0.2" } }, "sha512-j6vWzfrGVfyXxge+O0x5sh6cvxAog0a/4Rdd2K36zCMV5eJ+/+tOAngRO8cODMNWbVRdVlmGZQL2YS3yR8bIUA=="],

    "escalade": ["escalade@3.2.0", "", {}, "sha512-WUj2qlxaQtO4g6Pq5c29GTcWGDyd8itL8zTlipgECz3JesAiiOKotd8JU6otB3PACgG6xkJUyVhboMS+bje/jA=="],

    "estree-walker": ["estree-walker@2.0.2", "", {}, "sha512-Rfkk/Mp/DL7JVje3u18FxFujQlTNR2q6QfMSMB7AvCBx91NGj/ba3kCfza0f6dVDbw7YlRf/nDrn7pQrCCyQ/w=="],

    "form-data": ["form-data@4.0.3", "", { "dependencies": { "asynckit": "^0.4.0", "combined-stream": "^1.0.8", "es-set-tostringtag": "^2.1.0", "hasown": "^2.0.2", "mime-types": "^2.1.12" } }, "sha512-qsITQPfmvMOSAdeyZ+12I1c+CKSstAFAwu+97zrnWAbIr5u8wfsExUzCesVLC8NgHuRUqNN4Zy6UPWUTRGslcA=="],

    "fraction.js": ["fraction.js@5.3.4", "", {}, "sha512-1X1NTtiJphryn/uLQz3whtY6jK3fTqoE3ohKs0tT+Ujr1W59oopxmoEh7Lu5p6vBaPbgoM0bzveAW4Qi5RyWDQ=="],

    "fsevents": ["fsevents@2.3.3", "", { "os": "darwin" }, "sha512-5xoDfX+fL7faATnagmWPpbFtwh/R77WmMMqqHGS65C3vvB0YHrgF+B1YmZ3441tMj5n63k0212XNoJwzlhffQw=="],

    "function-bind": ["function-bind@1.1.2", "", {}, "sha512-7XHNxH7qX9xG5mIwxkhumTox/MIRNcOgDrxWsMt2pAr23WHp6MrRlN7FBSFpCpr+oVO0F744iUgR82nJMfG2SA=="],

    "get-intrinsic": ["get-intrinsic@1.3.0", "", { "dependencies": { "call-bind-apply-helpers": "^1.0.2", "es-define-property": "^1.0.1", "es-errors": "^1.3.0", "es-object-atoms": "^1.1.1", "function-bind": "^1.1.2", "get-proto": "^1.0.1", "gopd": "^1.2.0", "has-symbols": "^1.1.0", "hasown": "^2.0.2", "math-intrinsics": "^1.1.0" } }, "sha512-9fSjSaos/fRIVIp+xSJlE6lfwhES7LNtKaCBIamHsjr2na1BiABJPo0mOjjz8GJDURarmCPGqaiVg5mfjb98CQ=="],

    "get-proto": ["get-proto@1.0.1", "", { "dependencies": { "dunder-proto": "^1.0.1", "es-object-atoms": "^1.0.0" } }, "sha512-sTSfBjoXBp89JvIKIefqw7U2CCebsc74kiY6awiGogKtoSGbgjYE/G/+l9sF3MWFPNc9IcoOC4ODfKHfxFmp0g=="],

    "gopd": ["gopd@1.2.0", "", {}, "sha512-ZUKRh6/kUFoAiTAtTYPZJ3hw9wNxx+BIBOijnlG9PnrJsCcSjs1wyyD6vJpaYtgnzDrKYRSqf3OO6Rfa93xsRg=="],

    "has-symbols": ["has-symbols@1.1.0", "", {}, "sha512-1cDNdwJ2Jaohmb3sg4OmKaMBwuC48sYni5HUw2DvsC8LjGTLK9h+eb1X6RyuOHe4hT0ULCW68iomhjUoKUqlPQ=="],

    "has-tostringtag": ["has-tostringtag@1.0.2", "", { "dependencies": { "has-symbols": "^1.0.3" } }, "sha512-NqADB8VjPFLM2V0VvHUewwwsw0ZWBaIdgo+ieHtK3hasLz4qeCRjYcqfB6AQrBggRKppKF8L52/VqdVsO47Dlw=="],

    "hasown": ["hasown@2.0.2", "", { "dependencies": { "function-bind": "^1.1.2" } }, "sha512-0hJU9SCPvmMzIBdZFqNPXWa6dqh7WdH0cII9y+CyS8rG3nL48Bclra9HmKhVVUHyPWNH5Y7xDwAB7bfgSjkUMQ=="],

    "html-encoding-sniffer": ["html-encoding-sniffer@4.0.0", "", { "dependencies": { "whatwg-encoding": "^3.1.1" } }, "sha512-Y22oTqIU4uuPgEemfz7NDJz6OeKf12Lsu+QC+s3BVpda64lTiMYCyGwg5ki4vFxkMwQdeZDl2adZoqUgdFuTgQ=="],

    "http-proxy-agent": ["http-proxy-agent@7.0.2", "", { "dependencies": { "agent-base": "^7.1.0", "debug": "^4.3.4" } }, "sha512-T1gkAiYYDWYx3V5Bmyu7HcfcvL7mUrTWiM6yOfa3PIphViJ/gFPbvidQ+veqSOHci/PxBcDabeUNCzpOODJZig=="],

    "https-proxy-agent": ["https-proxy-agent@7.0.6", "", { "dependencies": { "agent-base": "^7.1.2", "debug": "4" } }, "sha512-vK9P5/iUfdl95AI+JVyUuIcVtd4ofvtrOr3HNtM2yxC9bnMbEdp3x01OhQNnjb8IJYi38VlTE3mBXwcfvywuSw=="],

    "iconv-lite": ["iconv-lite@0.6.3", "", { "dependencies": { "safer-buffer": ">= 2.1.2 < 3.0.0" } }, "sha512-4fCk79wshMdzMp2rH06qWrJE4iolqLhCUH+OiuIgU++RB0+94NlDL81atO7GX55uUKueo0txHNtvEyI6D7WdMw=="],

    "is-potential-custom-element-name": ["is-potential-custom-element-name@1.0.1", "", {}, "sha512-bCYeRA2rVibKZd+s2625gGnGF/t7DSqDs4dP7CrLA1m7jKWz6pps0LpYLJN8Q64HtmPKJ1hrN3nzPNKFEKOUiQ=="],

    "jsdom": ["jsdom@25.0.1", "", { "dependencies": { "cssstyle": "^4.1.0", "data-urls": "^5.0.0", "decimal.js": "^10.4.3", "form-data": "^4.0.0", "html-encoding-sniffer": "^4.0.0", "http-proxy-agent": "^7.0.2", "https-proxy-agent": "^7.0.5", "is-potential-custom-element-name": "^1.0.1", "nwsapi": "^2.2.12", "parse5": "^7.1.2", "rrweb-cssom": "^0.7.1", "saxes": "^6.0.0", "symbol-tree": "^3.2.4", "tough-cookie": "^5.0.0", "w3c-xmlserializer": "^5.0.0", "webidl-conversions": "^7.0.0", "whatwg-encoding": "^3.1.1", "whatwg-mimetype": "^4.0.0", "whatwg-url": "^14.0.0", "ws": "^8.18.0", "xml-name-validator": "^5.0.0" }, "peerDependencies": { "canvas": "^2.11.2" }, "optionalPeers": ["canvas"] }, "sha512-8i7LzZj7BF8uplX+ZyOlIz86V6TAsSs+np6m1kpW9u0JWi4z/1t+FzcK1aek+ybTnAC4KhBL4uXCNT0wcUIeCw=="],

    "lilconfig": ["lilconfig@3.1.3", "", {}, "sha512-/vlFKAoH5Cgt3Ie+JLhRbwOsCQePABiU3tJ1egGvyQ+33R/vcwM2Zl2QR/LzjsBeItPt3oSVXapn+m4nQDvpzw=="],

    "lodash": ["lodash@4.17.23", "", {}, "sha512-LgVTMpQtIopCi79SJeDiP0TfWi5CNEc/L/aRdTh3yIvmZXTnheWpKjSZhnvMl8iXbC1tFg9gdHHDMLoV7CnG+w=="],

    "lodash.memoize": ["lodash.memoize@4.1.2", "", {}, "sha512-t7j+NzmgnQzTAYXcsHYLgimltOV1MXHtlOWf6GjL9Kj8GK5FInw5JotxvbOs+IvV1/Dzo04/fCGfLVs7aXb4Ag=="],

    "lodash.uniq": ["lodash.uniq@4.5.0", "", {}, "sha512-xfBaXQd9ryd9dlSDvnvI0lvxfLJlYAZzXomUYzLKtUeOQvOP5piqAWuGtrhWeqaXK9hhoM/iyJc5AV+XfsX3HQ=="],

    "lru-cache": ["lru-cache@10.4.3", "", {}, "sha512-JNAzZcXrCt42VGLuYz0zfAzDfAvJWW6AfYlDBQyDV5DClI2m5sAmK+OIO7s59XfsRsWHp02jAJrRadPRGTt6SQ=="],

    "magic-string": ["magic-string@0.30.21", "", { "dependencies": { "@jridgewell/sourcemap-codec": "^1.5.5" } }, "sha512-vd2F4YUyEXKGcLHoq+TEyCjxueSeHnFxyyjNp80yg0XV4vUhnDer/lvvlqM/arB5bXQN5K2/3oinyCRyx8T2CQ=="],

    "math-intrinsics": ["math-intrinsics@1.1.0", "", {}, "sha512-/IXtbwEk5HTPyEwyKX6hGkYXxM9nbj64B+ilVJnC/R6B0pH5G4V3b0pVbL7DBj4tkhBAppbQUlf6F6Xl9LHu1g=="],

    "mdn-data": ["mdn-data@2.27.1", "", {}, "sha512-9Yubnt3e8A0OKwxYSXyhLymGW4sCufcLG6VdiDdUGVkPhpqLxlvP5vl1983gQjJl3tqbrM731mjaZaP68AgosQ=="],

    "mime-db": ["mime-db@1.52.0", "", {}, "sha512-sPU4uV7dYlvtWJxwwxHD0PuihVNiE7TyAbQ5SWxDCB9mUYvOgroQOwYQQOKPJ8CIbE+1ETVlOoK1UC2nU3gYvg=="],

    "mime-types": ["mime-types@2.1.35", "", { "dependencies": { "mime-db": "1.52.0" } }, "sha512-ZDY+bPm5zTTF+YpCrAU9nK0UgICYPT0QtT1NZWFv4s++TNkcgVaT0g6+4R2uI4MjQjzysHB1zxuWL50hzaeXiw=="],

    "mini-svg-data-uri": ["mini-svg-data-uri@1.4.4", "", { "bin": { "mini-svg-data-uri": "cli.js" } }, "sha512-r9deDe9p5FJUPZAk3A59wGH7Ii9YrjjWw0jmw/liSbHl2CHiyXj6FcDXDu2K3TjVAXqiJdaw3xxwlZZr9E6nHg=="],

    "ms": ["ms@2.1.3", "", {}, "sha512-6FlzubTLZG3J2a/NVCAleEhjzq5oxgHyaCU9yYXvcLsvoVaHJq/s5xXI6/XXP6tz7R9xAOtHnSO/tXtF3WRTlA=="],

    "nanoid": ["nanoid@3.3.11", "", { "bin": { "nanoid": "bin/nanoid.cjs" } }, "sha512-N8SpfPUnUp1bK+PMYW8qSWdl9U+wwNWI4QKxOYDy9JAro3WMX7p2OeVRF9v+347pnakNevPmiHhNmZ2HbFA76w=="],

    "node-releases": ["node-releases@2.0.27", "", {}, "sha512-nmh3lCkYZ3grZvqcCH+fjmQ7X+H0OeZgP40OierEaAptX4XofMh5kwNbWh7lBduUzCcV/8kZ+NDLCwm2iorIlA=="],

    "nth-check": ["nth-check@2.1.1", "", { "dependencies": { "boolbase": "^1.0.0" } }, "sha512-lqjrjmaOoAnWfMmBPL+XNnynZh2+swxiX3WUE0s4yEHI6m+AwrK2UZOimIRl3X/4QctVqS8AiZjFqyOGrMXb/w=="],

    "nwsapi": ["nwsapi@2.2.20", "", {}, "sha512-/ieB+mDe4MrrKMT8z+mQL8klXydZWGR5Dowt4RAGKbJ3kIGEx3X4ljUo+6V73IXtUPWgfOlU5B9MlGxFO5T+cA=="],

    "parse5": ["parse5@7.3.0", "", { "dependencies": { "entities": "^6.0.0" } }, "sha512-IInvU7fabl34qmi9gY8XOVxhYyMyuH2xUNpb2q8/Y+7552KlejkRvqvD19nMoUW/uQGGbqNpA6Tufu5FL5BZgw=="],

    "picocolors": ["picocolors@1.1.1", "", {}, "sha512-xceH2snhtb5M9liqDsmEw56le376mTZkEX/jEb/RxNFyegNul7eNslCXP9FDj/Lcu0X8KEyMceP2ntpaHrDEVA=="],

    "picomatch": ["picomatch@4.0.3", "", {}, "sha512-5gTmgEY/sqK6gFXLIsQNH19lWb4ebPDLA4SdLP7dsWkIXHWlG66oPuVvXSGFPppYZz8ZDZq0dYYrbHfBCVUb1Q=="],

    "postcss": ["postcss@8.5.8", "", { "dependencies": { "nanoid": "^3.3.11", "picocolors": "^1.1.1", "source-map-js": "^1.2.1" } }, "sha512-OW/rX8O/jXnm82Ey1k44pObPtdblfiuWnrd8X7GJ7emImCOstunGbXUpp7HdBrFQX6rJzn3sPT397Wp5aCwCHg=="],

    "postcss-calc": ["postcss-calc@10.1.1", "", { "dependencies": { "postcss-selector-parser": "^7.0.0", "postcss-value-parser": "^4.2.0" }, "peerDependencies": { "postcss": "^8.4.38" } }, "sha512-NYEsLHh8DgG/PRH2+G9BTuUdtf9ViS+vdoQ0YA5OQdGsfN4ztiwtDWNtBl9EKeqNMFnIu8IKZ0cLxEQ5r5KVMw=="],

    "postcss-colormin": ["postcss-colormin@7.0.6", "", { "dependencies": { "browserslist": "^4.28.1", "caniuse-api": "^3.0.0", "colord": "^2.9.3", "postcss-value-parser": "^4.2.0" }, "peerDependencies": { "postcss": "^8.4.32" } }, "sha512-oXM2mdx6IBTRm39797QguYzVEWzbdlFiMNfq88fCCN1Wepw3CYmJ/1/Ifa/KjWo+j5ZURDl2NTldLJIw51IeNQ=="],

    "postcss-combine-duplicated-selectors": ["postcss-combine-duplicated-selectors@10.0.3", "", { "dependencies": { "postcss-selector-parser": "^6.0.4" }, "peerDependencies": { "postcss": "^8.1.0" } }, "sha512-IP0BmwFloCskv7DV7xqvzDXqMHpwdczJa6ZvIW8abgHdcIHs9mCJX2ltFhu3EwA51ozp13DByng30+Ke+eIExA=="],

    "postcss-convert-values": ["postcss-convert-values@7.0.9", "", { "dependencies": { "browserslist": "^4.28.1", "postcss-value-parser": "^4.2.0" }, "peerDependencies": { "postcss": "^8.4.32" } }, "sha512-l6uATQATZaCa0bckHV+r6dLXfWtUBKXxO3jK+AtxxJJtgMPD+VhhPCCx51I4/5w8U5uHV67g3w7PXj+V3wlMlg=="],

    "postcss-discard-comments": ["postcss-discard-comments@7.0.6", "", { "dependencies": { "postcss-selector-parser": "^7.1.1" }, "peerDependencies": { "postcss": "^8.4.32" } }, "sha512-Sq+Fzj1Eg5/CPf1ERb0wS1Im5cvE2gDXCE+si4HCn1sf+jpQZxDI4DXEp8t77B/ImzDceWE2ebJQFXdqZ6GRJw=="],

    "postcss-discard-duplicates": ["postcss-discard-duplicates@7.0.2", "", { "peerDependencies": { "postcss": "^8.4.32" } }, "sha512-eTonaQvPZ/3i1ASDHOKkYwAybiM45zFIc7KXils4mQmHLqIswXD9XNOKEVxtTFnsmwYzF66u4LMgSr0abDlh5w=="],

    "postcss-discard-empty": ["postcss-discard-empty@7.0.1", "", { "peerDependencies": { "postcss": "^8.4.32" } }, "sha512-cFrJKZvcg/uxB6Ijr4l6qmn3pXQBna9zyrPC+sK0zjbkDUZew+6xDltSF7OeB7rAtzaaMVYSdbod+sZOCWnMOg=="],

    "postcss-discard-overridden": ["postcss-discard-overridden@7.0.1", "", { "peerDependencies": { "postcss": "^8.4.32" } }, "sha512-7c3MMjjSZ/qYrx3uc1940GSOzN1Iqjtlqe8uoSg+qdVPYyRb0TILSqqmtlSFuE4mTDECwsm397Ya7iXGzfF7lg=="],

    "postcss-merge-longhand": ["postcss-merge-longhand@7.0.5", "", { "dependencies": { "postcss-value-parser": "^4.2.0", "stylehacks": "^7.0.5" }, "peerDependencies": { "postcss": "^8.4.32" } }, "sha512-Kpu5v4Ys6QI59FxmxtNB/iHUVDn9Y9sYw66D6+SZoIk4QTz1prC4aYkhIESu+ieG1iylod1f8MILMs1Em3mmIw=="],

    "postcss-merge-rules": ["postcss-merge-rules@7.0.8", "", { "dependencies": { "browserslist": "^4.28.1", "caniuse-api": "^3.0.0", "cssnano-utils": "^5.0.1", "postcss-selector-parser": "^7.1.1" }, "peerDependencies": { "postcss": "^8.4.32" } }, "sha512-BOR1iAM8jnr7zoQSlpeBmCsWV5Uudi/+5j7k05D0O/WP3+OFMPD86c1j/20xiuRtyt45bhxw/7hnhZNhW2mNFA=="],

    "postcss-minify-font-values": ["postcss-minify-font-values@7.0.1", "", { "dependencies": { "postcss-value-parser": "^4.2.0" }, "peerDependencies": { "postcss": "^8.4.32" } }, "sha512-2m1uiuJeTplll+tq4ENOQSzB8LRnSUChBv7oSyFLsJRtUgAAJGP6LLz0/8lkinTgxrmJSPOEhgY1bMXOQ4ZXhQ=="],

    "postcss-minify-gradients": ["postcss-minify-gradients@7.0.1", "", { "dependencies": { "colord": "^2.9.3", "cssnano-utils": "^5.0.1", "postcss-value-parser": "^4.2.0" }, "peerDependencies": { "postcss": "^8.4.32" } }, "sha512-X9JjaysZJwlqNkJbUDgOclyG3jZEpAMOfof6PUZjPnPrePnPG62pS17CjdM32uT1Uq1jFvNSff9l7kNbmMSL2A=="],

    "postcss-minify-params": ["postcss-minify-params@7.0.6", "", { "dependencies": { "browserslist": "^4.28.1", "cssnano-utils": "^5.0.1", "postcss-value-parser": "^4.2.0" }, "peerDependencies": { "postcss": "^8.4.32" } }, "sha512-YOn02gC68JijlaXVuKvFSCvQOhTpblkcfDre2hb/Aaa58r2BIaK4AtE/cyZf2wV7YKAG+UlP9DT+By0ry1E4VQ=="],

    "postcss-minify-selectors": ["postcss-minify-selectors@7.0.6", "", { "dependencies": { "cssesc": "^3.0.0", "postcss-selector-parser": "^7.1.1" }, "peerDependencies": { "postcss": "^8.4.32" } }, "sha512-lIbC0jy3AAwDxEgciZlBullDiMBeBCT+fz5G8RcA9MWqh/hfUkpOI3vNDUNEZHgokaoiv0juB9Y8fGcON7rU/A=="],

    "postcss-nested": ["postcss-nested@7.0.2", "", { "dependencies": { "postcss-selector-parser": "^7.0.0" }, "peerDependencies": { "postcss": "^8.2.14" } }, "sha512-5osppouFc0VR9/VYzYxO03VaDa3e8F23Kfd6/9qcZTUI8P58GIYlArOET2Wq0ywSl2o2PjELhYOFI4W7l5QHKw=="],

    "postcss-normalize-charset": ["postcss-normalize-charset@7.0.1", "", { "peerDependencies": { "postcss": "^8.4.32" } }, "sha512-sn413ofhSQHlZFae//m9FTOfkmiZ+YQXsbosqOWRiVQncU2BA3daX3n0VF3cG6rGLSFVc5Di/yns0dFfh8NFgQ=="],

    "postcss-normalize-display-values": ["postcss-normalize-display-values@7.0.1", "", { "dependencies": { "postcss-value-parser": "^4.2.0" }, "peerDependencies": { "postcss": "^8.4.32" } }, "sha512-E5nnB26XjSYz/mGITm6JgiDpAbVuAkzXwLzRZtts19jHDUBFxZ0BkXAehy0uimrOjYJbocby4FVswA/5noOxrQ=="],

    "postcss-normalize-positions": ["postcss-normalize-positions@7.0.1", "", { "dependencies": { "postcss-value-parser": "^4.2.0" }, "peerDependencies": { "postcss": "^8.4.32" } }, "sha512-pB/SzrIP2l50ZIYu+yQZyMNmnAcwyYb9R1fVWPRxm4zcUFCY2ign7rcntGFuMXDdd9L2pPNUgoODDk91PzRZuQ=="],

    "postcss-normalize-repeat-style": ["postcss-normalize-repeat-style@7.0.1", "", { "dependencies": { "postcss-value-parser": "^4.2.0" }, "peerDependencies": { "postcss": "^8.4.32" } }, "sha512-NsSQJ8zj8TIDiF0ig44Byo3Jk9e4gNt9x2VIlJudnQQ5DhWAHJPF4Tr1ITwyHio2BUi/I6Iv0HRO7beHYOloYQ=="],

    "postcss-normalize-string": ["postcss-normalize-string@7.0.1", "", { "dependencies": { "postcss-value-parser": "^4.2.0" }, "peerDependencies": { "postcss": "^8.4.32" } }, "sha512-QByrI7hAhsoze992kpbMlJSbZ8FuCEc1OT9EFbZ6HldXNpsdpZr+YXC5di3UEv0+jeZlHbZcoCADgb7a+lPmmQ=="],

    "postcss-normalize-timing-functions": ["postcss-normalize-timing-functions@7.0.1", "", { "dependencies": { "postcss-value-parser": "^4.2.0" }, "peerDependencies": { "postcss": "^8.4.32" } }, "sha512-bHifyuuSNdKKsnNJ0s8fmfLMlvsQwYVxIoUBnowIVl2ZAdrkYQNGVB4RxjfpvkMjipqvbz0u7feBZybkl/6NJg=="],

    "postcss-normalize-unicode": ["postcss-normalize-unicode@7.0.6", "", { "dependencies": { "browserslist": "^4.28.1", "postcss-value-parser": "^4.2.0" }, "peerDependencies": { "postcss": "^8.4.32" } }, "sha512-z6bwTV84YW6ZvvNoaNLuzRW4/uWxDKYI1iIDrzk6D2YTL7hICApy+Q1LP6vBEsljX8FM7YSuV9qI79XESd4ddQ=="],

    "postcss-normalize-url": ["postcss-normalize-url@7.0.1", "", { "dependencies": { "postcss-value-parser": "^4.2.0" }, "peerDependencies": { "postcss": "^8.4.32" } }, "sha512-sUcD2cWtyK1AOL/82Fwy1aIVm/wwj5SdZkgZ3QiUzSzQQofrbq15jWJ3BA7Z+yVRwamCjJgZJN0I9IS7c6tgeQ=="],

    "postcss-normalize-whitespace": ["postcss-normalize-whitespace@7.0.1", "", { "dependencies": { "postcss-value-parser": "^4.2.0" }, "peerDependencies": { "postcss": "^8.4.32" } }, "sha512-vsbgFHMFQrJBJKrUFJNZ2pgBeBkC2IvvoHjz1to0/0Xk7sII24T0qFOiJzG6Fu3zJoq/0yI4rKWi7WhApW+EFA=="],

    "postcss-ordered-values": ["postcss-ordered-values@7.0.2", "", { "dependencies": { "cssnano-utils": "^5.0.1", "postcss-value-parser": "^4.2.0" }, "peerDependencies": { "postcss": "^8.4.32" } }, "sha512-AMJjt1ECBffF7CEON/Y0rekRLS6KsePU6PRP08UqYW4UGFRnTXNrByUzYK1h8AC7UWTZdQ9O3Oq9kFIhm0SFEw=="],

    "postcss-reduce-initial": ["postcss-reduce-initial@7.0.6", "", { "dependencies": { "browserslist": "^4.28.1", "caniuse-api": "^3.0.0" }, "peerDependencies": { "postcss": "^8.4.32" } }, "sha512-G6ZyK68AmrPdMB6wyeA37ejnnRG2S8xinJrZJnOv+IaRKf6koPAVbQsiC7MfkmXaGmF1UO+QCijb27wfpxuRNg=="],

    "postcss-reduce-transforms": ["postcss-reduce-transforms@7.0.1", "", { "dependencies": { "postcss-value-parser": "^4.2.0" }, "peerDependencies": { "postcss": "^8.4.32" } }, "sha512-MhyEbfrm+Mlp/36hvZ9mT9DaO7dbncU0CvWI8V93LRkY6IYlu38OPg3FObnuKTUxJ4qA8HpurdQOo5CyqqO76g=="],

    "postcss-selector-parser": ["postcss-selector-parser@7.1.1", "", { "dependencies": { "cssesc": "^3.0.0", "util-deprecate": "^1.0.2" } }, "sha512-orRsuYpJVw8LdAwqqLykBj9ecS5/cRHlI5+nvTo8LcCKmzDmqVORXtOIYEEQuL9D4BxtA1lm5isAqzQZCoQ6Eg=="],

    "postcss-svgo": ["postcss-svgo@7.1.1", "", { "dependencies": { "postcss-value-parser": "^4.2.0", "svgo": "^4.0.1" }, "peerDependencies": { "postcss": "^8.4.32" } }, "sha512-zU9H9oEDrUFKa0JB7w+IYL7Qs9ey1mZyjhbf0KLxwJDdDRtoPvCmaEfknzqfHj44QS9VD6c5sJnBAVYTLRg/Sg=="],

    "postcss-unique-selectors": ["postcss-unique-selectors@7.0.5", "", { "dependencies": { "postcss-selector-parser": "^7.1.1" }, "peerDependencies": { "postcss": "^8.4.32" } }, "sha512-3QoYmEt4qg/rUWDn6Tc8+ZVPmbp4G1hXDtCNWDx0st8SjtCbRcxRXDDM1QrEiXGG3A45zscSJFb4QH90LViyxg=="],

    "postcss-value-parser": ["postcss-value-parser@4.2.0", "", {}, "sha512-1NNCs6uurfkVbeXG4S8JFT9t19m45ICnif8zWLd5oPSZ50QnwMfK+H3jv408d4jw/7Bttv5axS5IiHoLaVNHeQ=="],

    "punycode": ["punycode@2.3.1", "", {}, "sha512-vYt7UD1U9Wg6138shLtLOvdAu+8DsC/ilFtEVHcH+wydcSpNE20AfSOduf6MkRFahL5FY7X1oU7nKVZFtfq8Fg=="],

    "rolldown": ["rolldown@1.0.0-rc.9", "", { "dependencies": { "@oxc-project/types": "=0.115.0", "@rolldown/pluginutils": "1.0.0-rc.9" }, "optionalDependencies": { "@rolldown/binding-android-arm64": "1.0.0-rc.9", "@rolldown/binding-darwin-arm64": "1.0.0-rc.9", "@rolldown/binding-darwin-x64": "1.0.0-rc.9", "@rolldown/binding-freebsd-x64": "1.0.0-rc.9", "@rolldown/binding-linux-arm-gnueabihf": "1.0.0-rc.9", "@rolldown/binding-linux-arm64-gnu": "1.0.0-rc.9", "@rolldown/binding-linux-arm64-musl": "1.0.0-rc.9", "@rolldown/binding-linux-ppc64-gnu": "1.0.0-rc.9", "@rolldown/binding-linux-s390x-gnu": "1.0.0-rc.9", "@rolldown/binding-linux-x64-gnu": "1.0.0-rc.9", "@rolldown/binding-linux-x64-musl": "1.0.0-rc.9", "@rolldown/binding-openharmony-arm64": "1.0.0-rc.9", "@rolldown/binding-wasm32-wasi": "1.0.0-rc.9", "@rolldown/binding-win32-arm64-msvc": "1.0.0-rc.9", "@rolldown/binding-win32-x64-msvc": "1.0.0-rc.9" }, "bin": { "rolldown": "bin/cli.mjs" } }, "sha512-9EbgWge7ZH+yqb4d2EnELAntgPTWbfL8ajiTW+SyhJEC4qhBbkCKbqFV4Ge4zmu5ziQuVbWxb/XwLZ+RIO7E8Q=="],

    "rollup": ["rollup@4.45.1", "", { "dependencies": { "@types/estree": "1.0.8" }, "optionalDependencies": { "@rollup/rollup-android-arm-eabi": "4.45.1", "@rollup/rollup-android-arm64": "4.45.1", "@rollup/rollup-darwin-arm64": "4.45.1", "@rollup/rollup-darwin-x64": "4.45.1", "@rollup/rollup-freebsd-arm64": "4.45.1", "@rollup/rollup-freebsd-x64": "4.45.1", "@rollup/rollup-linux-arm-gnueabihf": "4.45.1", "@rollup/rollup-linux-arm-musleabihf": "4.45.1", "@rollup/rollup-linux-arm64-gnu": "4.45.1", "@rollup/rollup-linux-arm64-musl": "4.45.1", "@rollup/rollup-linux-loongarch64-gnu": "4.45.1", "@rollup/rollup-linux-powerpc64le-gnu": "4.45.1", "@rollup/rollup-linux-riscv64-gnu": "4.45.1", "@rollup/rollup-linux-riscv64-musl": "4.45.1", "@rollup/rollup-linux-s390x-gnu": "4.45.1", "@rollup/rollup-linux-x64-gnu": "4.45.1", "@rollup/rollup-linux-x64-musl": "4.45.1", "@rollup/rollup-win32-arm64-msvc": "4.45.1", "@rollup/rollup-win32-ia32-msvc": "4.45.1", "@rollup/rollup-win32-x64-msvc": "4.45.1", "fsevents": "~2.3.2" }, "bin": { "rollup": "dist/bin/rollup" } }, "sha512-4iya7Jb76fVpQyLoiVpzUrsjQ12r3dM7fIVz+4NwoYvZOShknRmiv+iu9CClZml5ZLGb0XMcYLutK6w9tgxHDw=="],

    "rrweb-cssom": ["rrweb-cssom@0.7.1", "", {}, "sha512-TrEMa7JGdVm0UThDJSx7ddw5nVm3UJS9o9CCIZ72B1vSyEZoziDqBYP3XIoi/12lKrJR8rE3jeFHMok2F/Mnsg=="],

    "safer-buffer": ["safer-buffer@2.1.2", "", {}, "sha512-YZo3K82SD7Riyi0E1EQPojLz7kpepnSQI9IyPbHHg1XXXevb5dJI7tpyN2ADxGcQbHG7vcyRHk0cbwqcQriUtg=="],

    "sax": ["sax@1.5.0", "", {}, "sha512-21IYA3Q5cQf089Z6tgaUTr7lDAyzoTPx5HRtbhsME8Udispad8dC/+sziTNugOEx54ilvatQ9YCzl4KQLPcRHA=="],

    "saxes": ["saxes@6.0.0", "", { "dependencies": { "xmlchars": "^2.2.0" } }, "sha512-xAg7SOnEhrm5zI3puOOKyy1OMcMlIJZYNJY7xLBwSze0UjhPLnWfj2GF2EpT0jmzaJKIWKHLsaSSajf35bcYnA=="],

    "source-map-js": ["source-map-js@1.2.1", "", {}, "sha512-UXWMKhLOwVKb728IUtQPXxfYU+usdybtUrK/8uGE8CQMvrhOpwvzDBwj0QhSL7MQc7vIsISBG8VQ8+IDQxpfQA=="],

    "stylehacks": ["stylehacks@7.0.8", "", { "dependencies": { "browserslist": "^4.28.1", "postcss-selector-parser": "^7.1.1" }, "peerDependencies": { "postcss": "^8.4.32" } }, "sha512-I3f053GBLIiS5Fg6OMFhq/c+yW+5Hc2+1fgq7gElDMMSqwlRb3tBf2ef6ucLStYRpId4q//bQO1FjcyNyy4yDQ=="],

    "svgo": ["svgo@4.0.1", "", { "dependencies": { "commander": "^11.1.0", "css-select": "^5.1.0", "css-tree": "^3.0.1", "css-what": "^6.1.0", "csso": "^5.0.5", "picocolors": "^1.1.1", "sax": "^1.5.0" }, "bin": "./bin/svgo.js" }, "sha512-XDpWUOPC6FEibaLzjfe0ucaV0YrOjYotGJO1WpF0Zd+n6ZGEQUsSugaoLq9QkEZtAfQIxT42UChcssDVPP3+/w=="],

    "symbol-tree": ["symbol-tree@3.2.4", "", {}, "sha512-9QNk5KwDF+Bvz+PyObkmSYjI5ksVUYtjW7AU22r2NKcfLJcXp96hkDWU3+XndOsUb+AQ9QhfzfCT2O+CNWT5Tw=="],

    "tldts": ["tldts@6.1.86", "", { "dependencies": { "tldts-core": "^6.1.86" }, "bin": { "tldts": "bin/cli.js" } }, "sha512-WMi/OQ2axVTf/ykqCQgXiIct+mSQDFdH2fkwhPwgEwvJ1kSzZRiinb0zF2Xb8u4+OqPChmyI6MEu4EezNJz+FQ=="],

    "tldts-core": ["tldts-core@6.1.86", "", {}, "sha512-Je6p7pkk+KMzMv2XXKmAE3McmolOQFdxkKw0R8EYNr7sELW46JqnNeTX8ybPiQgvg1ymCoF8LXs5fzFaZvJPTA=="],

    "tough-cookie": ["tough-cookie@5.1.2", "", { "dependencies": { "tldts": "^6.1.32" } }, "sha512-FVDYdxtnj0G6Qm/DhNPSb8Ju59ULcup3tuJxkFb5K8Bv2pUXILbf0xZWU8PX8Ov19OXljbUyveOFwRMwkXzO+A=="],

    "tr46": ["tr46@5.1.1", "", { "dependencies": { "punycode": "^2.3.1" } }, "sha512-hdF5ZgjTqgAntKkklYw0R03MG2x/bSzTtkxmIRw/sTNV8YXsCJ1tfLAX23lhxhHJlEf3CRCOCGGWw3vI3GaSPw=="],

    "tslib": ["tslib@2.8.1", "", {}, "sha512-oJFu94HQb+KVduSUQL7wnpmqnfmLsOA/nAh6b6EH0wCEoK0/mPeXU6c3wKDV83MkOuHPRHtSXKKU99IBazS/2w=="],

    "update-browserslist-db": ["update-browserslist-db@1.2.2", "", { "dependencies": { "escalade": "^3.2.0", "picocolors": "^1.1.1" }, "peerDependencies": { "browserslist": ">= 4.21.0" }, "bin": { "update-browserslist-db": "cli.js" } }, "sha512-E85pfNzMQ9jpKkA7+TJAi4TJN+tBCuWh5rUcS/sv6cFi+1q9LYDwDI5dpUL0u/73EElyQ8d3TEaeW4sPedBqYA=="],

    "util-deprecate": ["util-deprecate@1.0.2", "", {}, "sha512-EPD5q1uXyFxJpCrLnCc1nHnq3gOa6DZBocAIiI2TaSCA7VCJ1UJDMagCzIkXNsUYfD1daK//LTEQ8xiIbrHtcw=="],

    "w3c-xmlserializer": ["w3c-xmlserializer@5.0.0", "", { "dependencies": { "xml-name-validator": "^5.0.0" } }, "sha512-o8qghlI8NZHU1lLPrpi2+Uq7abh4GGPpYANlalzWxyWteJOCsr/P+oPBA49TOLu5FTZO4d3F9MnWJfiMo4BkmA=="],

    "webidl-conversions": ["webidl-conversions@7.0.0", "", {}, "sha512-VwddBukDzu71offAQR975unBIGqfKZpM+8ZX6ySk8nYhVoo5CYaZyzt3YBvYtRtO+aoGlqxPg/B87NGVZ/fu6g=="],

    "whatwg-encoding": ["whatwg-encoding@3.1.1", "", { "dependencies": { "iconv-lite": "0.6.3" } }, "sha512-6qN4hJdMwfYBtE3YBTTHhoeuUrDBPZmbQaxWAqSALV/MeEnR5z1xd8UKud2RAkFoPkmB+hli1TZSnyi84xz1vQ=="],

    "whatwg-mimetype": ["whatwg-mimetype@4.0.0", "", {}, "sha512-QaKxh0eNIi2mE9p2vEdzfagOKHCcj1pJ56EEHGQOVxp8r9/iszLUUV7v89x9O1p/T+NlTM5W7jW6+cz4Fq1YVg=="],

    "whatwg-url": ["whatwg-url@14.2.0", "", { "dependencies": { "tr46": "^5.1.0", "webidl-conversions": "^7.0.0" } }, "sha512-De72GdQZzNTUBBChsXueQUnPKDkg/5A5zp7pFDuQAj5UFoENpiACU0wlCvzpAGnTkj++ihpKwKyYewn/XNUbKw=="],

    "ws": ["ws@8.19.0", "", { "peerDependencies": { "bufferutil": "^4.0.1", "utf-8-validate": ">=5.0.2" }, "optionalPeers": ["bufferutil", "utf-8-validate"] }, "sha512-blAT2mjOEIi0ZzruJfIhb3nps74PRWTCz1IjglWEEpQl5XS/UNama6u2/rjFkDDouqr4L67ry+1aGIALViWjDg=="],

    "xml-name-validator": ["xml-name-validator@5.0.0", "", {}, "sha512-EvGK8EJ3DhaHfbRlETOWAS5pO9MZITeauHKJyb8wyajUfQUenkIg2MvLDTZ4T/TgIcm3HU0TFBgWWboAZ30UHg=="],

    "xmlchars": ["xmlchars@2.2.0", "", {}, "sha512-JZnDKK8B0RCDw84FNdDAIpZK+JuJw+s7Lz8nksI7SIuU3UXJJslUthsi+uWBUYOwPFwW7W7PRLRfUKpxjtjFCw=="],

    "@rollup/pluginutils/picomatch": ["picomatch@4.0.2", "", {}, "sha512-M7BAV6Rlcy5u+m6oPhAPFgJTzAioX/6B0DxyvDlo9l8+T3nLKbrczg2WLUyzd45L8RqfUMyGPzekbMvX2Ldkwg=="],

    "browserslist/caniuse-lite": ["caniuse-lite@1.0.30001760", "", {}, "sha512-7AAMPcueWELt1p3mi13HR/LHH0TJLT11cnwDJEs3xA4+CK/PLKeO9Kl1oru24htkyUKtkGCvAx4ohB0Ttry8Dw=="],

    "csso/css-tree": ["css-tree@2.2.1", "", { "dependencies": { "mdn-data": "2.0.28", "source-map-js": "^1.0.1" } }, "sha512-OA0mILzGc1kCOCSJerOeqDxDQ4HOh+G8NbOJFOTgOCzpw7fCBubk0fEyxp8AgOL/jvLgYA/uV0cMbe43ElF1JA=="],

    "cssstyle/rrweb-cssom": ["rrweb-cssom@0.8.0", "", {}, "sha512-guoltQEx+9aMf2gDZ0s62EcV8lsXR+0w8915TC3ITdn2YueuNjdAYh/levpU9nFaoChh9RUS5ZdQMrKfVEN9tw=="],

    "dom-serializer/entities": ["entities@4.5.0", "", {}, "sha512-V0hjH4dGPh9Ao5p0MoRY6BVqtwCjhz6vI5LT8AJ55H+4g9/4vbHx1I54fS0XuclLhDHArPQCiMjDxjaL8fPxhw=="],

    "jsdom/ws": ["ws@8.18.3", "", { "peerDependencies": { "bufferutil": "^4.0.1", "utf-8-validate": ">=5.0.2" }, "optionalPeers": ["bufferutil", "utf-8-validate"] }, "sha512-PEIGCY5tSlUt50cqyMXfCzX+oOPqN0vuGqWzbcJ2xvnkzkq46oOpz7dQaTDBdfICb4N14+GARUDw2XV2N4tvzg=="],

    "postcss-combine-duplicated-selectors/postcss-selector-parser": ["postcss-selector-parser@6.1.2", "", { "dependencies": { "cssesc": "^3.0.0", "util-deprecate": "^1.0.2" } }, "sha512-Q8qQfPiZ+THO/3ZrOrO0cJJKfpYCagtMUkXbnEfmgUjwXg6z/WBeOyS9APBBPCTSiDV+s4SwQGu8yFsiMRIudg=="],

    "postcss-nested/postcss-selector-parser": ["postcss-selector-parser@7.1.0", "", { "dependencies": { "cssesc": "^3.0.0", "util-deprecate": "^1.0.2" } }, "sha512-8sLjZwK0R+JlxlYcTuVnyT2v+htpdrjDOKuMcOVdYjt52Lh8hWRYpxBPoKx/Zg+bcjc3wx6fmQevMmUztS/ccA=="],

    "csso/css-tree/mdn-data": ["mdn-data@2.0.28", "", {}, "sha512-aylIc7Z9y4yzHYAJNuESG3hfhC+0Ibp/MAMiaOZgNv4pmEdFyfZhhhny4MNiAfWdBQ1RQ2mfDWmM1x8SvGyp8g=="],
  }
}
